{
  "version": 4,
  "terraform_version": "1.10.5",
  "serial": 17,
  "lineage": "ccec3a57-1158-9b4c-c192-ed17971c2fc2",
  "outputs": {},
  "resources": [
    {
      "mode": "data",
      "type": "google_iam_policy",
      "name": "noauth",
      "provider": "provider[\"registry.terraform.io/hashicorp/google\"]",
      "instances": [
        {
          "schema_version": 0,
          "attributes": {
            "audit_config": null,
            "binding": [
              {
                "condition": [],
                "members": [
                  "allUsers"
                ],
                "role": "roles/run.invoker"
              }
            ],
            "id": "3450855414",
            "policy_data": "{\"bindings\":[{\"members\":[\"allUsers\"],\"role\":\"roles/run.invoker\"}]}"
          },
          "sensitive_attributes": []
        }
      ]
    },
    {
      "mode": "managed",
      "type": "google_cloud_run_service",
      "name": "app_service",
      "provider": "provider[\"registry.terraform.io/hashicorp/google\"]",
      "instances": [
        {
          "status": "tainted",
          "schema_version": 2,
          "attributes": {
            "autogenerate_revision_name": false,
            "id": "locations/europe-west4/namespaces/premier-projet-442510/services/cloud-run-app",
            "location": "europe-west4",
            "metadata": null,
            "name": "cloud-run-app",
            "project": "premier-projet-442510",
            "status": null,
            "template": [
              {
                "metadata": [],
                "spec": [
                  {
                    "container_concurrency": 0,
                    "containers": [
                      {
                        "args": null,
                        "command": null,
                        "env": [
                          {
                            "name": "BUCKET",
                            "value": "bucket_arthur",
                            "value_from": []
                          }
                        ],
                        "env_from": [],
                        "image": "gcr.io/premier-projet-442510/bucket_arthur",
                        "liveness_probe": [],
                        "name": "",
                        "ports": [],
                        "resources": [],
                        "startup_probe": [],
                        "volume_mounts": [],
                        "working_dir": ""
                      }
                    ],
                    "service_account_name": "cloud-run-sa@premier-projet-442510.iam.gserviceaccount.com",
                    "serving_state": "",
                    "timeout_seconds": 0,
                    "volumes": []
                  }
                ]
              }
            ],
            "timeouts": null,
            "traffic": [
              {
                "latest_revision": true,
                "percent": 100,
                "revision_name": "",
                "tag": "",
                "url": ""
              }
            ]
          },
          "sensitive_attributes": [],
          "private": "eyJlMmJmYjczMC1lY2FhLTExZTYtOGY4OC0zNDM2M2JjN2M0YzAiOnsiY3JlYXRlIjoxMjAwMDAwMDAwMDAwLCJkZWxldGUiOjEyMDAwMDAwMDAwMDAsInVwZGF0ZSI6MTIwMDAwMDAwMDAwMH0sInNjaGVtYV92ZXJzaW9uIjoiMiJ9",
          "dependencies": [
            "google_service_account.cloud_run_sa"
          ]
        }
      ]
    },
    {
      "mode": "managed",
      "type": "google_project_iam_binding",
      "name": "cloud_run_access",
      "provider": "provider[\"registry.terraform.io/hashicorp/google\"]",
      "instances": [
        {
          "schema_version": 0,
          "attributes": {
            "condition": [],
            "etag": "BwYu9RZNzT0=",
            "id": "premier-projet-442510/roles/storage.objectViewer",
            "members": [
              "serviceAccount:cloud-run-sa@premier-projet-442510.iam.gserviceaccount.com"
            ],
            "project": "premier-projet-442510",
            "role": "roles/storage.objectViewer"
          },
          "sensitive_attributes": [],
          "private": "bnVsbA==",
          "dependencies": [
            "google_service_account.cloud_run_sa"
          ]
        }
      ]
    },
    {
      "mode": "managed",
      "type": "google_service_account",
      "name": "cloud_run_sa",
      "provider": "provider[\"registry.terraform.io/hashicorp/google\"]",
      "instances": [
        {
          "schema_version": 0,
          "attributes": {
            "account_id": "cloud-run-sa",
            "create_ignore_already_exists": null,
            "description": "",
            "disabled": false,
            "display_name": "Cloud Run Service Account",
            "email": "cloud-run-sa@premier-projet-442510.iam.gserviceaccount.com",
            "id": "projects/premier-projet-442510/serviceAccounts/cloud-run-sa@premier-projet-442510.iam.gserviceaccount.com",
            "member": "serviceAccount:cloud-run-sa@premier-projet-442510.iam.gserviceaccount.com",
            "name": "projects/premier-projet-442510/serviceAccounts/cloud-run-sa@premier-projet-442510.iam.gserviceaccount.com",
            "project": "premier-projet-442510",
            "timeouts": null,
            "unique_id": "104744913950125438829"
          },
          "sensitive_attributes": [],
          "private": "eyJlMmJmYjczMC1lY2FhLTExZTYtOGY4OC0zNDM2M2JjN2M0YzAiOnsiY3JlYXRlIjozMDAwMDAwMDAwMDB9fQ=="
        }
      ]
    },
    {
      "mode": "managed",
      "type": "google_service_account_key",
      "name": "cloud_run_sa_key",
      "provider": "provider[\"registry.terraform.io/hashicorp/google\"]",
      "instances": [
        {
          "schema_version": 0,
          "attributes": {
            "id": "projects/premier-projet-442510/serviceAccounts/cloud-run-sa@premier-projet-442510.iam.gserviceaccount.com/keys/b548f97444cf46df36dc44ad246c9343c5272278",
            "keepers": null,
            "key_algorithm": "KEY_ALG_RSA_2048",
            "name": "projects/premier-projet-442510/serviceAccounts/cloud-run-sa@premier-projet-442510.iam.gserviceaccount.com/keys/b548f97444cf46df36dc44ad246c9343c5272278",
            "private_key": "ewogICJ0eXBlIjogInNlcnZpY2VfYWNjb3VudCIsCiAgInByb2plY3RfaWQiOiAicHJlbWllci1wcm9qZXQtNDQyNTEwIiwKICAicHJpdmF0ZV9rZXlfaWQiOiAiYjU0OGY5NzQ0NGNmNDZkZjM2ZGM0NGFkMjQ2YzkzNDNjNTI3MjI3OCIsCiAgInByaXZhdGVfa2V5IjogIi0tLS0tQkVHSU4gUFJJVkFURSBLRVktLS0tLVxuTUlJRXZRSUJBREFOQmdrcWhraUc5dzBCQVFFRkFBU0NCS2N3Z2dTakFnRUFBb0lCQVFDd2ZkUVpVdXJLa0FkZ1xuTWxHWmREQkxOQkJzSEUvSWRqRmxqNVpQQW5WQmRhZGxxYjNOdnR0QTNUa0pBbG5YeVR5WStpVTJkbGw3dmlnM1xuTVBsSjZNSlRNbUhlSEw1dnNaaTFuMjZkZm91bDB0OFd3a3loY3FwZVVvbmlPSXBnK3ZrRFNZQW93Wkd6ZGVMQ1xuWUwwWTR6em5uR3FySER4TzBmbld4NmNTWTdLdFRBLzBQRHJzVUUrK0ZNK0IzY1JrdjdKWFhwQU5seWJUZ3ZFQVxuRjUxV3BaN1B5TFRNczNjVjFKSlJsZkFxTlc3V1N4ZXNMUXdhN2ZRbndMNGFDQ3A4TFFQZWVYZUlxNUNlWHlBMVxuY3EveUtsTlZtWnhYSXhhSlk3bHZyUkc0cmd0ZzVxVStyT1dXTmszOEZVSXBISllFc0wzei9Sekg5OHBKVFRBQlxuamZxZitMQ0hBZ01CQUFFQ2dnRUFHWjF1M3NJSnNQUFliak5xRG1pRGt5dnZtanZvV2NMTEJvb2hidWwvYW5jUVxub0R1bzFYeWhjUXpxZUk2WklDMWxHSEFZWGVBdFpUMURDWnp0QVdJV2IyRm5rakgveUZHR21yZy9UZjBPSXVJSlxuQ05JOXNhSTZiSGdlNmtYNTBpWWxaVDhSLzYyZ1g0M09KeGRINVVoNFpYRVpOaWtNbVFWTDlSL1lTck5NNThPeVxuN2Z2TE1qSjM4OURKY1F5cG9sSTQzaFdhWVFCZ012Ylh4QW0rbmRibEJYZW55WlFrcjRDK0FnUUhzYkxoT3lVNlxuTUxHV2pUNmxnQTRtY3kwUGVUeitpTGs5UFAyNW9ZUHJXVW9ZeHIxVFMwQ1dKK3J1RVV0L3dQQjNNVGMzSDROMlxuMTdlbXpmd0RuWlBPRnZhS3ZTQXdlbGx5akdZVEhyTCs5UFVVZVNZM2lRS0JnUURiVkpMamNjTHRqb1NvSVJaVFxuU1NDc2Y4ZHI3MW1oNVIzSktVcGtPd01yTDFlMG5sZVZDaHBiMnMrTWtXTmdYUHp5UzVxenlpRTMva2ZqUjJmUlxuUWxKZ3F4eFBtTDJKMTl0K3FjYzdaUVc0K2JSNU5WcGhZTGxEa0dYYnBKTDdoUDNwR2g0QkpDYSt5Z3ZPeEJIYVxuR3Z1S0FuR0JUZVVpRFUrbE9oMWJIR1lpSlFLQmdRRE4vN3d2bFQ0TGlueVcwMTVTc2ZXZWVWVXdSR0p1YS9WUVxuNHZpYitiVnlyTXQ0aHRHMDdkS3pNMHk4Tk1oVERRUkIxallNbDVzaE83aHVSTDlNNndsTjJGR2c5S3J1SnI2MlxuTEoxRkNMWjhrNERWcEJ3YlJsRzBabmpLOTlmN2U3T1lzMk5iblM2eEtkRVZUSzByZ2pUT0xNdHphaDl5Q1BVdVxuVnErWFRJWHFPd0tCZ0Q1bTQ1dmVoQTArblRPUXBsOXYwT0lEUU9QT3Azdk9TaGt2ckVDMElZU3A1WlEzOE1jd1xucHFzM3FCRmdWQnZZbVFiK3g3Y2JiVFFYSHJEbFlmNUJsbHAybElsNDlZUkFhK3l2dFVXS3lvUUVWM3FjMldnWFxuTXQ2c09LNnpOalpsY2pCZUErZGpON3JVbFdOd21YdXFiYUtvYTA3VXNMcHRleG1SWFVUTTRhb1pBb0dCQUkrT1xuOFM2WDZ5MVB6Wk91cWNVbmoreG8waDFaQ3QrNURMVForRGQ2eGlDc212L2J0TGxLSTlRT3BDTmxCVlliZENRTlxuakkwcCtrb212RmpjUUJUeWx3RlJCMUlNTURMWGZZQ25odEpkU0E5NUhBZkczbStEaWQwV3JJZUdRVlpZMXNoTFxuKzZvVTJEMU96dzd3NkoyeGwrczIvSEhxT3cvVmZraFUwUG0zc251UkFvR0Fad2gwdmRIUWdqUmtxbFM1NWVDSlxuQVVTbnoxV1Q4bkI0bGlkRklDZUh1Q1JHQWdieDdZOFA2ZG56cTY0TEh5RDk0eVFqMWllNHlFWm0vVHBuYVpBSFxuMitXVUFJcnBmQ3hCd2JLQldMd3Jha29lRDdYOTdvdFBWMHZNZU1PcXJuVnNxWHFFRnZ5NnFuTW1FbXYwTXk3clxuTHB4TUF2QU9jSFhaYW9rVDVvUitEd3M9XG4tLS0tLUVORCBQUklWQVRFIEtFWS0tLS0tXG4iLAogICJjbGllbnRfZW1haWwiOiAiY2xvdWQtcnVuLXNhQHByZW1pZXItcHJvamV0LTQ0MjUxMC5pYW0uZ3NlcnZpY2VhY2NvdW50LmNvbSIsCiAgImNsaWVudF9pZCI6ICIxMDQ3NDQ5MTM5NTAxMjU0Mzg4MjkiLAogICJhdXRoX3VyaSI6ICJodHRwczovL2FjY291bnRzLmdvb2dsZS5jb20vby9vYXV0aDIvYXV0aCIsCiAgInRva2VuX3VyaSI6ICJodHRwczovL29hdXRoMi5nb29nbGVhcGlzLmNvbS90b2tlbiIsCiAgImF1dGhfcHJvdmlkZXJfeDUwOV9jZXJ0X3VybCI6ICJodHRwczovL3d3dy5nb29nbGVhcGlzLmNvbS9vYXV0aDIvdjEvY2VydHMiLAogICJjbGllbnRfeDUwOV9jZXJ0X3VybCI6ICJodHRwczovL3d3dy5nb29nbGVhcGlzLmNvbS9yb2JvdC92MS9tZXRhZGF0YS94NTA5L2Nsb3VkLXJ1bi1zYSU0MHByZW1pZXItcHJvamV0LTQ0MjUxMC5pYW0uZ3NlcnZpY2VhY2NvdW50LmNvbSIsCiAgInVuaXZlcnNlX2RvbWFpbiI6ICJnb29nbGVhcGlzLmNvbSIKfQo=",
            "private_key_type": "TYPE_GOOGLE_CREDENTIALS_FILE",
            "public_key": "LS0tLS1CRUdJTiBDRVJUSUZJQ0FURS0tLS0tCk1JSUMvRENDQWVTZ0F3SUJBZ0lJZUd4SCtqaWQ3Y0F3RFFZSktvWklodmNOQVFFRkJRQXdJREVlTUJ3R0ExVUUKQXd3Vk1UQTBOelEwT1RFek9UVXdNVEkxTkRNNE9ESTVNQ0FYRFRJMU1ESXlOVEV3TkRBek1Wb1lEems1T1RreApNak14TWpNMU9UVTVXakFnTVI0d0hBWURWUVFEREJVeE1EUTNORFE1TVRNNU5UQXhNalUwTXpnNE1qa3dnZ0VpCk1BMEdDU3FHU0liM0RRRUJBUVVBQTRJQkR3QXdnZ0VLQW9JQkFRQ3dmZFFaVXVyS2tBZGdNbEdaZERCTE5CQnMKSEUvSWRqRmxqNVpQQW5WQmRhZGxxYjNOdnR0QTNUa0pBbG5YeVR5WStpVTJkbGw3dmlnM01QbEo2TUpUTW1IZQpITDV2c1ppMW4yNmRmb3VsMHQ4V3dreWhjcXBlVW9uaU9JcGcrdmtEU1lBb3daR3pkZUxDWUwwWTR6em5uR3FyCkhEeE8wZm5XeDZjU1k3S3RUQS8wUERyc1VFKytGTStCM2NSa3Y3SlhYcEFObHliVGd2RUFGNTFXcFo3UHlMVE0KczNjVjFKSlJsZkFxTlc3V1N4ZXNMUXdhN2ZRbndMNGFDQ3A4TFFQZWVYZUlxNUNlWHlBMWNxL3lLbE5WbVp4WApJeGFKWTdsdnJSRzRyZ3RnNXFVK3JPV1dOazM4RlVJcEhKWUVzTDN6L1J6SDk4cEpUVEFCamZxZitMQ0hBZ01CCkFBR2pPREEyTUF3R0ExVWRFd0VCL3dRQ01BQXdEZ1lEVlIwUEFRSC9CQVFEQWdlQU1CWUdBMVVkSlFFQi93UU0KTUFvR0NDc0dBUVVGQndNQ01BMEdDU3FHU0liM0RRRUJCUVVBQTRJQkFRQTFmOEd1V1l2QUMzOVliaTRBTm80dQpRK0FyZHh3TExSWnBrL0FXVUFxOWF2ancyd3BReHhLLzB1ZkhwcTBNRXl6U0o1VUFrcWR3N0FLS0UrWVB6UWJwCmJhcWQ1QWQyTEhYR0xURjdicmF6QlpVMWJ6K3NhczIvMklEblZnaDJkQ1M1aXNIb1IyNS9LRW8zdEZtWXBzSFYKcDljaVV6RGNGUFFnRlVOOVA0c1NFMGhIbnJ6RVg2SXR4VXIxaXJYczNwNkdHR1EwbHZ2L3pnaEJ0cVl4Z3RBYQo0TUJPQXZMUXRSVk1RN1dnTUlwa2xlSGFLaWsycjhRUVp2aUNlWlBER0ZNdE9RRmVKM3QyME13WWczNEVKLy9QCmQ1RFNMTXovMVpXMEsyU0RmdlA5V1ZEdlVrZFdjZ29Mbng1S1FtMFExVTBWSUhaY2hRQ2VhQ1VKYXFiRjMrMGYKLS0tLS1FTkQgQ0VSVElGSUNBVEUtLS0tLQo=",
            "public_key_data": null,
            "public_key_type": "TYPE_X509_PEM_FILE",
            "service_account_id": "projects/premier-projet-442510/serviceAccounts/cloud-run-sa@premier-projet-442510.iam.gserviceaccount.com",
            "valid_after": "2025-02-25T10:40:31Z",
            "valid_before": "9999-12-31T23:59:59Z"
          },
          "sensitive_attributes": [
            [
              {
                "type": "get_attr",
                "value": "private_key"
              }
            ]
          ],
          "private": "bnVsbA==",
          "dependencies": [
            "google_service_account.cloud_run_sa"
          ]
        }
      ]
    },
    {
      "mode": "managed",
      "type": "google_storage_bucket",
      "name": "sto_arthur",
      "provider": "provider[\"registry.terraform.io/hashicorp/google\"]",
      "instances": [
        {
          "schema_version": 3,
          "attributes": {
            "autoclass": [],
            "cors": [],
            "custom_placement_config": [],
            "default_event_based_hold": false,
            "effective_labels": {
              "goog-terraform-provisioned": "true"
            },
            "enable_object_retention": false,
            "encryption": [],
            "force_destroy": false,
            "hierarchical_namespace": [
              {
                "enabled": false
              }
            ],
            "id": "bucket_arthur",
            "labels": null,
            "lifecycle_rule": [
              {
                "action": [
                  {
                    "storage_class": "",
                    "type": "Delete"
                  }
                ],
                "condition": [
                  {
                    "age": 5,
                    "created_before": "",
                    "custom_time_before": "",
                    "days_since_custom_time": 0,
                    "days_since_noncurrent_time": 0,
                    "matches_prefix": [],
                    "matches_storage_class": [],
                    "matches_suffix": [],
                    "noncurrent_time_before": "",
                    "num_newer_versions": 0,
                    "send_age_if_zero": false,
                    "send_days_since_custom_time_if_zero": false,
                    "send_days_since_noncurrent_time_if_zero": false,
                    "send_num_newer_versions_if_zero": false,
                    "with_state": "ANY"
                  }
                ]
              }
            ],
            "location": "EUROPE-WEST4",
            "logging": [],
            "name": "bucket_arthur",
            "project": "premier-projet-442510",
            "project_number": 405006797133,
            "public_access_prevention": "inherited",
            "requester_pays": false,
            "retention_policy": [],
            "rpo": null,
            "self_link": "https://www.googleapis.com/storage/v1/b/bucket_arthur",
            "soft_delete_policy": [
              {
                "effective_time": "2025-02-25T10:40:21.354Z",
                "retention_duration_seconds": 604800
              }
            ],
            "storage_class": "STANDARD",
            "terraform_labels": {
              "goog-terraform-provisioned": "true"
            },
            "timeouts": null,
            "uniform_bucket_level_access": false,
            "url": "gs://bucket_arthur",
            "versioning": [
              {
                "enabled": true
              }
            ],
            "website": []
          },
          "sensitive_attributes": [],
          "private": "eyJlMmJmYjczMC1lY2FhLTExZTYtOGY4OC0zNDM2M2JjN2M0YzAiOnsiY3JlYXRlIjo2MDAwMDAwMDAwMDAsInJlYWQiOjI0MDAwMDAwMDAwMCwidXBkYXRlIjoyNDAwMDAwMDAwMDB9LCJzY2hlbWFfdmVyc2lvbiI6IjMifQ=="
        }
      ]
    }
  ],
  "check_results": null
}
